
Microsoft Visual Studio Solution File, Format Version 12.00
# Visual Studio Express 2013 for Windows Desktop
VisualStudioVersion = 12.0.30110.0
MinimumVisualStudioVersion = 10.0.40219.1
Project("{FAE04EC0-301F-11D3-BF4B-00C04F79EFBC}") = "Pentia", "Pentia\Pentia.csproj", "{AFF24973-7AFF-43B0-9D71-47E1754A2540}"
EndProject
Project("{FAE04EC0-301F-11D3-BF4B-00C04F79EFBC}") = "PentiaTest", "PentiaTest\PentiaTest.csproj", "{6065ED8D-43B4-4D05-A47E-EAD50F106DB6}"
EndProject
Global
	GlobalSection(SolutionConfigurationPlatforms) = preSolution
		Debug|Any CPU = Debug|Any CPU
		Release|Any CPU = Release|Any CPU
	EndGlobalSection
	GlobalSection(ProjectConfigurationPlatforms) = postSolution
		{AFF24973-7AFF-43B0-9D71-47E1754A2540}.Debug|Any CPU.ActiveCfg = Debug|Any CPU
		{AFF24973-7AFF-43B0-9D71-47E1754A2540}.Debug|Any CPU.Build.0 = Debug|Any CPU
		{AFF24973-7AFF-43B0-9D71-47E1754A2540}.Release|Any CPU.ActiveCfg = Release|Any CPU
		{AFF24973-7AFF-43B0-9D71-47E1754A2540}.Release|Any CPU.Build.0 = Release|Any CPU
		{6065ED8D-43B4-4D05-A47E-EAD50F106DB6}.Debug|Any CPU.ActiveCfg = Debug|Any CPU
		{6065ED8D-43B4-4D05-A47E-EAD50F106DB6}.Debug|Any CPU.Build.0 = Debug|Any CPU
		{6065ED8D-43B4-4D05-A47E-EAD50F106DB6}.Release|Any CPU.ActiveCfg = Release|Any CPU
		{6065ED8D-43B4-4D05-A47E-EAD50F106DB6}.Release|Any CPU.Build.0 = Release|Any CPU
	EndGlobalSection
	GlobalSection(SolutionProperties) = preSolution
		HideSolutionNode = FALSE
	EndGlobalSection
EndGlobal
